
Microsoft Visual Studio Solution File, Format Version 12.00
# Visual Studio Version 17
VisualStudioVersion = 17.0.32112.339
MinimumVisualStudioVersion = 10.0.40219.1
Project("{FAE04EC0-301F-11D3-BF4B-00C04F79EFBC}") = "Prog1", "Prog1\Prog1.csproj", "{E2E359C5-9807-4B3D-B8B0-B4B69408F447}"
EndProject
Project("{FAE04EC0-301F-11D3-BF4B-00C04F79EFBC}") = "Prog2", "Prog2\Prog2.csproj", "{9F56DC1B-2B38-497F-9B3A-DF8E52F3E301}"
EndProject
Global
	GlobalSection(SolutionConfigurationPlatforms) = preSolution
		Debug|Any CPU = Debug|Any CPU
		Release|Any CPU = Release|Any CPU
	EndGlobalSection
	GlobalSection(ProjectConfigurationPlatforms) = postSolution
		{E2E359C5-9807-4B3D-B8B0-B4B69408F447}.Debug|Any CPU.ActiveCfg = Debug|Any CPU
		{E2E359C5-9807-4B3D-B8B0-B4B69408F447}.Debug|Any CPU.Build.0 = Debug|Any CPU
		{E2E359C5-9807-4B3D-B8B0-B4B69408F447}.Release|Any CPU.ActiveCfg = Release|Any CPU
		{E2E359C5-9807-4B3D-B8B0-B4B69408F447}.Release|Any CPU.Build.0 = Release|Any CPU
		{9F56DC1B-2B38-497F-9B3A-DF8E52F3E301}.Debug|Any CPU.ActiveCfg = Debug|Any CPU
		{9F56DC1B-2B38-497F-9B3A-DF8E52F3E301}.Debug|Any CPU.Build.0 = Debug|Any CPU
		{9F56DC1B-2B38-497F-9B3A-DF8E52F3E301}.Release|Any CPU.ActiveCfg = Release|Any CPU
		{9F56DC1B-2B38-497F-9B3A-DF8E52F3E301}.Release|Any CPU.Build.0 = Release|Any CPU
	EndGlobalSection
	GlobalSection(SolutionProperties) = preSolution
		HideSolutionNode = FALSE
	EndGlobalSection
	GlobalSection(ExtensibilityGlobals) = postSolution
		SolutionGuid = {F7AD9E76-0B5D-49A6-B974-47F42049C99F}
	EndGlobalSection
EndGlobal
